
Microsoft Visual Studio Solution File, Format Version 12.00
# Visual Studio Version 17
VisualStudioVersion = 17.0.31903.59
MinimumVisualStudioVersion = 10.0.40219.1
Project("{2150E333-8FDC-42A3-9474-1A3956D46DE8}") = "src", "src", "{827E0CD3-B72D-47B6-A68D-7590B98EB39B}"
EndProject
Project("{FAE04EC0-301F-11D3-BF4B-00C04F79EFBC}") = "ToolGet.Core", "src\ToolGet.Core\ToolGet.Core.csproj", "{D1BDF2ED-AE11-4DAF-A7D3-A71DCB69B2B3}"
EndProject
Project("{FAE04EC0-301F-11D3-BF4B-00C04F79EFBC}") = "ToolGet.Desktop", "src\ToolGet.Desktop\ToolGet.Desktop.csproj", "{620497F9-7CA9-4110-9C88-7A9104346701}"
EndProject
Project("{FAE04EC0-301F-11D3-BF4B-00C04F79EFBC}") = "ToolGet.Console", "src\ToolGet.Console\ToolGet.Console.csproj", "{0814F5CF-1438-4BF7-B149-14F3A1AB1884}"
EndProject
Global
	GlobalSection(SolutionConfigurationPlatforms) = preSolution
		Debug|Any CPU = Debug|Any CPU
		Debug|x64 = Debug|x64
		Debug|x86 = Debug|x86
		Release|Any CPU = Release|Any CPU
		Release|x64 = Release|x64
		Release|x86 = Release|x86
	EndGlobalSection
	GlobalSection(ProjectConfigurationPlatforms) = postSolution
		{D1BDF2ED-AE11-4DAF-A7D3-A71DCB69B2B3}.Debug|Any CPU.ActiveCfg = Debug|Any CPU
		{D1BDF2ED-AE11-4DAF-A7D3-A71DCB69B2B3}.Debug|Any CPU.Build.0 = Debug|Any CPU
		{D1BDF2ED-AE11-4DAF-A7D3-A71DCB69B2B3}.Debug|x64.ActiveCfg = Debug|Any CPU
		{D1BDF2ED-AE11-4DAF-A7D3-A71DCB69B2B3}.Debug|x64.Build.0 = Debug|Any CPU
		{D1BDF2ED-AE11-4DAF-A7D3-A71DCB69B2B3}.Debug|x86.ActiveCfg = Debug|Any CPU
		{D1BDF2ED-AE11-4DAF-A7D3-A71DCB69B2B3}.Debug|x86.Build.0 = Debug|Any CPU
		{D1BDF2ED-AE11-4DAF-A7D3-A71DCB69B2B3}.Release|Any CPU.ActiveCfg = Release|Any CPU
		{D1BDF2ED-AE11-4DAF-A7D3-A71DCB69B2B3}.Release|Any CPU.Build.0 = Release|Any CPU
		{D1BDF2ED-AE11-4DAF-A7D3-A71DCB69B2B3}.Release|x64.ActiveCfg = Release|Any CPU
		{D1BDF2ED-AE11-4DAF-A7D3-A71DCB69B2B3}.Release|x64.Build.0 = Release|Any CPU
		{D1BDF2ED-AE11-4DAF-A7D3-A71DCB69B2B3}.Release|x86.ActiveCfg = Release|Any CPU
		{D1BDF2ED-AE11-4DAF-A7D3-A71DCB69B2B3}.Release|x86.Build.0 = Release|Any CPU
		{620497F9-7CA9-4110-9C88-7A9104346701}.Debug|Any CPU.ActiveCfg = Debug|Any CPU
		{620497F9-7CA9-4110-9C88-7A9104346701}.Debug|Any CPU.Build.0 = Debug|Any CPU
		{620497F9-7CA9-4110-9C88-7A9104346701}.Debug|x64.ActiveCfg = Debug|Any CPU
		{620497F9-7CA9-4110-9C88-7A9104346701}.Debug|x64.Build.0 = Debug|Any CPU
		{620497F9-7CA9-4110-9C88-7A9104346701}.Debug|x86.ActiveCfg = Debug|Any CPU
		{620497F9-7CA9-4110-9C88-7A9104346701}.Debug|x86.Build.0 = Debug|Any CPU
		{620497F9-7CA9-4110-9C88-7A9104346701}.Release|Any CPU.ActiveCfg = Release|Any CPU
		{620497F9-7CA9-4110-9C88-7A9104346701}.Release|Any CPU.Build.0 = Release|Any CPU
		{620497F9-7CA9-4110-9C88-7A9104346701}.Release|x64.ActiveCfg = Release|Any CPU
		{620497F9-7CA9-4110-9C88-7A9104346701}.Release|x64.Build.0 = Release|Any CPU
		{620497F9-7CA9-4110-9C88-7A9104346701}.Release|x86.ActiveCfg = Release|Any CPU
		{620497F9-7CA9-4110-9C88-7A9104346701}.Release|x86.Build.0 = Release|Any CPU
		{0814F5CF-1438-4BF7-B149-14F3A1AB1884}.Debug|Any CPU.ActiveCfg = Debug|Any CPU
		{0814F5CF-1438-4BF7-B149-14F3A1AB1884}.Debug|Any CPU.Build.0 = Debug|Any CPU
		{0814F5CF-1438-4BF7-B149-14F3A1AB1884}.Debug|x64.ActiveCfg = Debug|Any CPU
		{0814F5CF-1438-4BF7-B149-14F3A1AB1884}.Debug|x64.Build.0 = Debug|Any CPU
		{0814F5CF-1438-4BF7-B149-14F3A1AB1884}.Debug|x86.ActiveCfg = Debug|Any CPU
		{0814F5CF-1438-4BF7-B149-14F3A1AB1884}.Debug|x86.Build.0 = Debug|Any CPU
		{0814F5CF-1438-4BF7-B149-14F3A1AB1884}.Release|Any CPU.ActiveCfg = Release|Any CPU
		{0814F5CF-1438-4BF7-B149-14F3A1AB1884}.Release|Any CPU.Build.0 = Release|Any CPU
		{0814F5CF-1438-4BF7-B149-14F3A1AB1884}.Release|x64.ActiveCfg = Release|Any CPU
		{0814F5CF-1438-4BF7-B149-14F3A1AB1884}.Release|x64.Build.0 = Release|Any CPU
		{0814F5CF-1438-4BF7-B149-14F3A1AB1884}.Release|x86.ActiveCfg = Release|Any CPU
		{0814F5CF-1438-4BF7-B149-14F3A1AB1884}.Release|x86.Build.0 = Release|Any CPU
	EndGlobalSection
	GlobalSection(SolutionProperties) = preSolution
		HideSolutionNode = FALSE
	EndGlobalSection
	GlobalSection(NestedProjects) = preSolution
		{D1BDF2ED-AE11-4DAF-A7D3-A71DCB69B2B3} = {827E0CD3-B72D-47B6-A68D-7590B98EB39B}
		{620497F9-7CA9-4110-9C88-7A9104346701} = {827E0CD3-B72D-47B6-A68D-7590B98EB39B}
		{0814F5CF-1438-4BF7-B149-14F3A1AB1884} = {827E0CD3-B72D-47B6-A68D-7590B98EB39B}
	EndGlobalSection
EndGlobal
